
Microsoft Visual Studio Solution File, Format Version 12.00
# Visual Studio 15
VisualStudioVersion = 15.0.26730.15
MinimumVisualStudioVersion = 10.0.40219.1
Project("{FAE04EC0-301F-11D3-BF4B-00C04F79EFBC}") = "Car factory", "Car factory\Car factory.csproj", "{3A8B2201-CD81-4045-955E-BFA211758F41}"
EndProject
Global
	GlobalSection(SolutionConfigurationPlatforms) = preSolution
		Debug|Any CPU = Debug|Any CPU
		Release|Any CPU = Release|Any CPU
	EndGlobalSection
	GlobalSection(ProjectConfigurationPlatforms) = postSolution
		{3A8B2201-CD81-4045-955E-BFA211758F41}.Debug|Any CPU.ActiveCfg = Debug|Any CPU
		{3A8B2201-CD81-4045-955E-BFA211758F41}.Debug|Any CPU.Build.0 = Debug|Any CPU
		{3A8B2201-CD81-4045-955E-BFA211758F41}.Release|Any CPU.ActiveCfg = Release|Any CPU
		{3A8B2201-CD81-4045-955E-BFA211758F41}.Release|Any CPU.Build.0 = Release|Any CPU
	EndGlobalSection
	GlobalSection(SolutionProperties) = preSolution
		HideSolutionNode = FALSE
	EndGlobalSection
	GlobalSection(ExtensibilityGlobals) = postSolution
		SolutionGuid = {3D095554-A1E0-4D8A-B11B-55DC75E861B7}
	EndGlobalSection
EndGlobal
